
Microsoft Visual Studio Solution File, Format Version 12.00
# Visual Studio Version 16
VisualStudioVersion = 16.0.30503.244
MinimumVisualStudioVersion = 10.0.40219.1
Project("{FAE04EC0-301F-11D3-BF4B-00C04F79EFBC}") = "InstitutionAPI", "InstitutionAPI\InstitutionAPI.csproj", "{4BD07078-6D2D-44CB-8BE3-D9983FF7157E}"
EndProject
Global
	GlobalSection(SolutionConfigurationPlatforms) = preSolution
		Debug|Any CPU = Debug|Any CPU
		Release|Any CPU = Release|Any CPU
	EndGlobalSection
	GlobalSection(ProjectConfigurationPlatforms) = postSolution
		{4BD07078-6D2D-44CB-8BE3-D9983FF7157E}.Debug|Any CPU.ActiveCfg = Debug|Any CPU
		{4BD07078-6D2D-44CB-8BE3-D9983FF7157E}.Debug|Any CPU.Build.0 = Debug|Any CPU
		{4BD07078-6D2D-44CB-8BE3-D9983FF7157E}.Release|Any CPU.ActiveCfg = Release|Any CPU
		{4BD07078-6D2D-44CB-8BE3-D9983FF7157E}.Release|Any CPU.Build.0 = Release|Any CPU
	EndGlobalSection
	GlobalSection(SolutionProperties) = preSolution
		HideSolutionNode = FALSE
	EndGlobalSection
	GlobalSection(ExtensibilityGlobals) = postSolution
		SolutionGuid = {73292026-1D5F-4B57-8023-D430F0C2F083}
	EndGlobalSection
EndGlobal
